
Microsoft Visual Studio Solution File, Format Version 12.00
Project("{FAE04EC0-301F-11D3-BF4B-00C04F79EFBC}") = "OnnxTest.ConsoleApp", "OnnxTest.ConsoleApp\OnnxTest.ConsoleApp.csproj", "{52FE1091-14DC-4869-896F-F51FF1020A19}"
EndProject
Global
	GlobalSection(SolutionConfigurationPlatforms) = preSolution
		Debug|Any CPU = Debug|Any CPU
		Release|Any CPU = Release|Any CPU
	EndGlobalSection
	GlobalSection(ProjectConfigurationPlatforms) = postSolution
		{52FE1091-14DC-4869-896F-F51FF1020A19}.Debug|Any CPU.ActiveCfg = Debug|Any CPU
		{52FE1091-14DC-4869-896F-F51FF1020A19}.Debug|Any CPU.Build.0 = Debug|Any CPU
		{52FE1091-14DC-4869-896F-F51FF1020A19}.Release|Any CPU.ActiveCfg = Release|Any CPU
		{52FE1091-14DC-4869-896F-F51FF1020A19}.Release|Any CPU.Build.0 = Release|Any CPU
	EndGlobalSection
EndGlobal
