
Microsoft Visual Studio Solution File, Format Version 12.00
Project("{FAE04EC0-301F-11D3-BF4B-00C04F79EFBC}") = "PytorchDeploy.OnnxRuntime", "PytorchDeploy.OnnxRuntime\PytorchDeploy.OnnxRuntime.csproj", "{52FE1091-14DC-4869-896F-F51FF1020A19}"
EndProject
Project("{FAE04EC0-301F-11D3-BF4B-00C04F79EFBC}") = "PytorchDeploy.PythonInclued", "PytorchDeploy.PythonInclued\PytorchDeploy.PythonInclued.csproj", "{87053175-C995-42B4-9D5A-6FCA623026EF}"
EndProject
Project("{FAE04EC0-301F-11D3-BF4B-00C04F79EFBC}") = "PytorchDeploy.TorchSharp", "PytorchDeploy.TorchSharp\PytorchDeploy.TorchSharp.csproj", "{5D3DD39B-2196-4316-98C8-1354E1B068F6}"
EndProject
Project("{FAE04EC0-301F-11D3-BF4B-00C04F79EFBC}") = "PytorchDeploy.ClassLibrary", "PytorchDeploy.ClassLibrary\PytorchDeploy.ClassLibrary.csproj", "{89DFA25E-7101-4ADE-99B7-7281F83D8920}"
EndProject
Global
	GlobalSection(SolutionConfigurationPlatforms) = preSolution
		Debug|Any CPU = Debug|Any CPU
		Release|Any CPU = Release|Any CPU
	EndGlobalSection
	GlobalSection(ProjectConfigurationPlatforms) = postSolution
		{52FE1091-14DC-4869-896F-F51FF1020A19}.Debug|Any CPU.ActiveCfg = Debug|Any CPU
		{52FE1091-14DC-4869-896F-F51FF1020A19}.Debug|Any CPU.Build.0 = Debug|Any CPU
		{52FE1091-14DC-4869-896F-F51FF1020A19}.Release|Any CPU.ActiveCfg = Release|Any CPU
		{52FE1091-14DC-4869-896F-F51FF1020A19}.Release|Any CPU.Build.0 = Release|Any CPU
		{87053175-C995-42B4-9D5A-6FCA623026EF}.Debug|Any CPU.ActiveCfg = Debug|Any CPU
		{87053175-C995-42B4-9D5A-6FCA623026EF}.Debug|Any CPU.Build.0 = Debug|Any CPU
		{87053175-C995-42B4-9D5A-6FCA623026EF}.Release|Any CPU.ActiveCfg = Release|Any CPU
		{87053175-C995-42B4-9D5A-6FCA623026EF}.Release|Any CPU.Build.0 = Release|Any CPU
		{5D3DD39B-2196-4316-98C8-1354E1B068F6}.Debug|Any CPU.ActiveCfg = Debug|Any CPU
		{5D3DD39B-2196-4316-98C8-1354E1B068F6}.Debug|Any CPU.Build.0 = Debug|Any CPU
		{5D3DD39B-2196-4316-98C8-1354E1B068F6}.Release|Any CPU.ActiveCfg = Release|Any CPU
		{5D3DD39B-2196-4316-98C8-1354E1B068F6}.Release|Any CPU.Build.0 = Release|Any CPU
		{89DFA25E-7101-4ADE-99B7-7281F83D8920}.Debug|Any CPU.ActiveCfg = Debug|Any CPU
		{89DFA25E-7101-4ADE-99B7-7281F83D8920}.Debug|Any CPU.Build.0 = Debug|Any CPU
		{89DFA25E-7101-4ADE-99B7-7281F83D8920}.Release|Any CPU.ActiveCfg = Release|Any CPU
		{89DFA25E-7101-4ADE-99B7-7281F83D8920}.Release|Any CPU.Build.0 = Release|Any CPU
	EndGlobalSection
EndGlobal
